
Microsoft Visual Studio Solution File, Format Version 12.00
# Visual Studio 15
VisualStudioVersion = 15.0.28307.329
MinimumVisualStudioVersion = 10.0.40219.1
Project("{9A19103F-16F7-4668-BE54-9A1E7A4F7556}") = "Frends.Community.Oracle.Query", "Frends.Community.Oracle.Query\Frends.Community.Oracle.Query.csproj", "{55220EB1-00DB-4707-B9B9-89F49A3A1A6C}"
EndProject
Project("{9A19103F-16F7-4668-BE54-9A1E7A4F7556}") = "Frends.Community.Oracle.Query.Tests", "Frends.Community.Oracle.Query.Tests\Frends.Community.Oracle.Query.Tests.csproj", "{D40BBEDA-6C12-4A0B-9312-8BED60BB85E1}"
EndProject
Project("{2150E333-8FDC-42A3-9474-1A3956D46DE8}") = "Solution Items", "Solution Items", "{34B8E9E1-ADCA-454D-AB5D-F7876B4B22B5}"
	ProjectSection(SolutionItems) = preProject
		nuspec\Frends.Community.Oracle.Query.nuspec = nuspec\Frends.Community.Oracle.Query.nuspec
		LICENSE = LICENSE
		README.md = README.md
	EndProjectSection
EndProject
Global
	GlobalSection(SolutionConfigurationPlatforms) = preSolution
		Debug|Any CPU = Debug|Any CPU
		Release|Any CPU = Release|Any CPU
	EndGlobalSection
	GlobalSection(ProjectConfigurationPlatforms) = postSolution
		{55220EB1-00DB-4707-B9B9-89F49A3A1A6C}.Debug|Any CPU.ActiveCfg = Debug|Any CPU
		{55220EB1-00DB-4707-B9B9-89F49A3A1A6C}.Debug|Any CPU.Build.0 = Debug|Any CPU
		{55220EB1-00DB-4707-B9B9-89F49A3A1A6C}.Release|Any CPU.ActiveCfg = Release|Any CPU
		{55220EB1-00DB-4707-B9B9-89F49A3A1A6C}.Release|Any CPU.Build.0 = Release|Any CPU
		{D40BBEDA-6C12-4A0B-9312-8BED60BB85E1}.Debug|Any CPU.ActiveCfg = Debug|Any CPU
		{D40BBEDA-6C12-4A0B-9312-8BED60BB85E1}.Debug|Any CPU.Build.0 = Debug|Any CPU
		{D40BBEDA-6C12-4A0B-9312-8BED60BB85E1}.Release|Any CPU.ActiveCfg = Release|Any CPU
		{D40BBEDA-6C12-4A0B-9312-8BED60BB85E1}.Release|Any CPU.Build.0 = Release|Any CPU
	EndGlobalSection
	GlobalSection(SolutionProperties) = preSolution
		HideSolutionNode = FALSE
	EndGlobalSection
	GlobalSection(ExtensibilityGlobals) = postSolution
		SolutionGuid = {E43695FA-A90B-4CDE-B78B-0CF3CEFE7A40}
	EndGlobalSection
EndGlobal
