
Microsoft Visual Studio Solution File, Format Version 12.00
# Visual Studio Version 16
VisualStudioVersion = 16.0.29709.97
MinimumVisualStudioVersion = 10.0.40219.1
Project("{9A19103F-16F7-4668-BE54-9A1E7A4F7556}") = "Frends.Oracle", "Frends.Oracle\Frends.Oracle.csproj", "{3EEDAF60-FDF5-4BF1-8FBC-777FFCA5B3D3}"
EndProject
Project("{FAE04EC0-301F-11D3-BF4B-00C04F79EFBC}") = "Frends.Oracle.Tests", "Frends.Oracle.Tests\Frends.Oracle.Tests.csproj", "{4F5B8203-B5D7-47EE-A3B5-52B9D47DAD84}"
EndProject
Global
	GlobalSection(SolutionConfigurationPlatforms) = preSolution
		Debug|Any CPU = Debug|Any CPU
		Release|Any CPU = Release|Any CPU
	EndGlobalSection
	GlobalSection(ProjectConfigurationPlatforms) = postSolution
		{3EEDAF60-FDF5-4BF1-8FBC-777FFCA5B3D3}.Debug|Any CPU.ActiveCfg = Debug|Any CPU
		{3EEDAF60-FDF5-4BF1-8FBC-777FFCA5B3D3}.Debug|Any CPU.Build.0 = Debug|Any CPU
		{3EEDAF60-FDF5-4BF1-8FBC-777FFCA5B3D3}.Release|Any CPU.ActiveCfg = Release|Any CPU
		{3EEDAF60-FDF5-4BF1-8FBC-777FFCA5B3D3}.Release|Any CPU.Build.0 = Release|Any CPU
		{4F5B8203-B5D7-47EE-A3B5-52B9D47DAD84}.Debug|Any CPU.ActiveCfg = Debug|Any CPU
		{4F5B8203-B5D7-47EE-A3B5-52B9D47DAD84}.Debug|Any CPU.Build.0 = Debug|Any CPU
		{4F5B8203-B5D7-47EE-A3B5-52B9D47DAD84}.Release|Any CPU.ActiveCfg = Release|Any CPU
		{4F5B8203-B5D7-47EE-A3B5-52B9D47DAD84}.Release|Any CPU.Build.0 = Release|Any CPU
	EndGlobalSection
	GlobalSection(SolutionProperties) = preSolution
		HideSolutionNode = FALSE
	EndGlobalSection
	GlobalSection(ExtensibilityGlobals) = postSolution
		SolutionGuid = {4D80528A-C2B6-4A0C-B7A6-4CAA2F218BD2}
	EndGlobalSection
EndGlobal
